
Microsoft Visual Studio Solution File, Format Version 12.00
# Visual Studio for Mac
Project("{FAE04EC0-301F-11D3-BF4B-00C04F79EFBC}") = "Assembly-CSharp", "Assembly-CSharp.csproj", "{D9AC9B36-7FD2-E31D-5C9D-3CCD5EDB4C71}"
EndProject
Project("{FAE04EC0-301F-11D3-BF4B-00C04F79EFBC}") = "Assembly-CSharp-firstpass", "Assembly-CSharp-firstpass.csproj", "{7A59B6A9-2D3B-3891-6C57-4D7FDBE95925}"
EndProject
Project("{FAE04EC0-301F-11D3-BF4B-00C04F79EFBC}") = "Assembly-CSharp-Editor-firstpass", "Assembly-CSharp-Editor-firstpass.csproj", "{C171E762-9B85-00A2-A291-C45272AF67EF}"
EndProject
Global
	GlobalSection(SolutionConfigurationPlatforms) = preSolution
		Debug|Any CPU = Debug|Any CPU
		Release|Any CPU = Release|Any CPU
	EndGlobalSection
	GlobalSection(ProjectConfigurationPlatforms) = postSolution
		{D9AC9B36-7FD2-E31D-5C9D-3CCD5EDB4C71}.Debug|Any CPU.ActiveCfg = Debug|Any CPU
		{D9AC9B36-7FD2-E31D-5C9D-3CCD5EDB4C71}.Debug|Any CPU.Build.0 = Debug|Any CPU
		{D9AC9B36-7FD2-E31D-5C9D-3CCD5EDB4C71}.Release|Any CPU.ActiveCfg = Release|Any CPU
		{D9AC9B36-7FD2-E31D-5C9D-3CCD5EDB4C71}.Release|Any CPU.Build.0 = Release|Any CPU
		{7A59B6A9-2D3B-3891-6C57-4D7FDBE95925}.Debug|Any CPU.ActiveCfg = Debug|Any CPU
		{7A59B6A9-2D3B-3891-6C57-4D7FDBE95925}.Debug|Any CPU.Build.0 = Debug|Any CPU
		{7A59B6A9-2D3B-3891-6C57-4D7FDBE95925}.Release|Any CPU.ActiveCfg = Release|Any CPU
		{7A59B6A9-2D3B-3891-6C57-4D7FDBE95925}.Release|Any CPU.Build.0 = Release|Any CPU
		{C171E762-9B85-00A2-A291-C45272AF67EF}.Debug|Any CPU.ActiveCfg = Debug|Any CPU
		{C171E762-9B85-00A2-A291-C45272AF67EF}.Debug|Any CPU.Build.0 = Debug|Any CPU
		{C171E762-9B85-00A2-A291-C45272AF67EF}.Release|Any CPU.ActiveCfg = Release|Any CPU
		{C171E762-9B85-00A2-A291-C45272AF67EF}.Release|Any CPU.Build.0 = Release|Any CPU
	EndGlobalSection
	GlobalSection(SolutionProperties) = preSolution
		HideSolutionNode = FALSE
	EndGlobalSection
EndGlobal
