
Microsoft Visual Studio Solution File, Format Version 12.00
# Visual Studio for Mac
Project("{FAE04EC0-301F-11D3-BF4B-00C04F79EFBC}") = "Assembly-CSharp", "Assembly-CSharp.csproj", "{DF75E135-8DEE-0B4D-C0BB-942EF3DBC63A}"
EndProject
Project("{FAE04EC0-301F-11D3-BF4B-00C04F79EFBC}") = "Assembly-CSharp-firstpass", "Assembly-CSharp-firstpass.csproj", "{A699A969-3694-3398-8D70-38BA83F8F095}"
EndProject
Project("{FAE04EC0-301F-11D3-BF4B-00C04F79EFBC}") = "Assembly-CSharp-Editor-firstpass", "Assembly-CSharp-Editor-firstpass.csproj", "{810B3842-E747-13F9-FCBF-3A1BF373B6B6}"
EndProject
Global
	GlobalSection(SolutionConfigurationPlatforms) = preSolution
		Debug|Any CPU = Debug|Any CPU
		Release|Any CPU = Release|Any CPU
	EndGlobalSection
	GlobalSection(ProjectConfigurationPlatforms) = postSolution
		{DF75E135-8DEE-0B4D-C0BB-942EF3DBC63A}.Debug|Any CPU.ActiveCfg = Debug|Any CPU
		{DF75E135-8DEE-0B4D-C0BB-942EF3DBC63A}.Debug|Any CPU.Build.0 = Debug|Any CPU
		{DF75E135-8DEE-0B4D-C0BB-942EF3DBC63A}.Release|Any CPU.ActiveCfg = Release|Any CPU
		{DF75E135-8DEE-0B4D-C0BB-942EF3DBC63A}.Release|Any CPU.Build.0 = Release|Any CPU
		{A699A969-3694-3398-8D70-38BA83F8F095}.Debug|Any CPU.ActiveCfg = Debug|Any CPU
		{A699A969-3694-3398-8D70-38BA83F8F095}.Debug|Any CPU.Build.0 = Debug|Any CPU
		{A699A969-3694-3398-8D70-38BA83F8F095}.Release|Any CPU.ActiveCfg = Release|Any CPU
		{A699A969-3694-3398-8D70-38BA83F8F095}.Release|Any CPU.Build.0 = Release|Any CPU
		{810B3842-E747-13F9-FCBF-3A1BF373B6B6}.Debug|Any CPU.ActiveCfg = Debug|Any CPU
		{810B3842-E747-13F9-FCBF-3A1BF373B6B6}.Debug|Any CPU.Build.0 = Debug|Any CPU
		{810B3842-E747-13F9-FCBF-3A1BF373B6B6}.Release|Any CPU.ActiveCfg = Release|Any CPU
		{810B3842-E747-13F9-FCBF-3A1BF373B6B6}.Release|Any CPU.Build.0 = Release|Any CPU
	EndGlobalSection
	GlobalSection(SolutionProperties) = preSolution
		HideSolutionNode = FALSE
	EndGlobalSection
EndGlobal
